
Microsoft Visual Studio Solution File, Format Version 12.00
# Visual Studio Version 17
VisualStudioVersion = 17.5.33530.505
MinimumVisualStudioVersion = 10.0.40219.1
Project("{FAE04EC0-301F-11D3-BF4B-00C04F79EFBC}") = "WebApp.Web", "WebApp.Web.csproj", "{6FA21837-961B-46EC-BC41-5F9699634E51}"
EndProject
Global
	GlobalSection(SolutionConfigurationPlatforms) = preSolution
		Debug|Any CPU = Debug|Any CPU
		Release|Any CPU = Release|Any CPU
	EndGlobalSection
	GlobalSection(ProjectConfigurationPlatforms) = postSolution
		{6FA21837-961B-46EC-BC41-5F9699634E51}.Debug|Any CPU.ActiveCfg = Debug|Any CPU
		{6FA21837-961B-46EC-BC41-5F9699634E51}.Debug|Any CPU.Build.0 = Debug|Any CPU
		{6FA21837-961B-46EC-BC41-5F9699634E51}.Release|Any CPU.ActiveCfg = Release|Any CPU
		{6FA21837-961B-46EC-BC41-5F9699634E51}.Release|Any CPU.Build.0 = Release|Any CPU
	EndGlobalSection
	GlobalSection(SolutionProperties) = preSolution
		HideSolutionNode = FALSE
	EndGlobalSection
	GlobalSection(ExtensibilityGlobals) = postSolution
		SolutionGuid = {70AA0B5D-7A9F-44B2-826B-4BBEDAF964C1}
	EndGlobalSection
EndGlobal
